
Microsoft Visual Studio Solution File, Format Version 12.00
# Visual Studio Version 16
VisualStudioVersion = 16.0.30011.22
MinimumVisualStudioVersion = 10.0.40219.1
Project("{FAE04EC0-301F-11D3-BF4B-00C04F79EFBC}") = "HairSalon", "HairSalon\HairSalon.csproj", "{A1B8B11E-A3D3-429D-8EF4-137CA40213FD}"
EndProject
Global
	GlobalSection(SolutionConfigurationPlatforms) = preSolution
		Debug|Any CPU = Debug|Any CPU
		Release|Any CPU = Release|Any CPU
	EndGlobalSection
	GlobalSection(ProjectConfigurationPlatforms) = postSolution
		{A1B8B11E-A3D3-429D-8EF4-137CA40213FD}.Debug|Any CPU.ActiveCfg = Debug|Any CPU
		{A1B8B11E-A3D3-429D-8EF4-137CA40213FD}.Debug|Any CPU.Build.0 = Debug|Any CPU
		{A1B8B11E-A3D3-429D-8EF4-137CA40213FD}.Release|Any CPU.ActiveCfg = Release|Any CPU
		{A1B8B11E-A3D3-429D-8EF4-137CA40213FD}.Release|Any CPU.Build.0 = Release|Any CPU
	EndGlobalSection
	GlobalSection(SolutionProperties) = preSolution
		HideSolutionNode = FALSE
	EndGlobalSection
	GlobalSection(ExtensibilityGlobals) = postSolution
		SolutionGuid = {E9958EAD-26AF-4DE5-B472-660616FDEA75}
	EndGlobalSection
EndGlobal
