
Microsoft Visual Studio Solution File, Format Version 12.00
# Visual Studio Version 16
VisualStudioVersion = 16.0.30011.22
MinimumVisualStudioVersion = 10.0.40219.1
Project("{9A19103F-16F7-4668-BE54-9A1E7A4F7556}") = "HairSalon.API", "HairSalon.API\HairSalon.API.csproj", "{EEEE3489-50AE-48BA-B121-ADCAF1077DAE}"
EndProject
Project("{9A19103F-16F7-4668-BE54-9A1E7A4F7556}") = "HairSalon.Web", "HairSalon.Web\HairSalon.Web.csproj", "{9D729DF5-1BF6-4BDF-AF08-C939DDB541ED}"
EndProject
Global
	GlobalSection(SolutionConfigurationPlatforms) = preSolution
		Debug|Any CPU = Debug|Any CPU
		Release|Any CPU = Release|Any CPU
	EndGlobalSection
	GlobalSection(ProjectConfigurationPlatforms) = postSolution
		{EEEE3489-50AE-48BA-B121-ADCAF1077DAE}.Debug|Any CPU.ActiveCfg = Debug|Any CPU
		{EEEE3489-50AE-48BA-B121-ADCAF1077DAE}.Debug|Any CPU.Build.0 = Debug|Any CPU
		{EEEE3489-50AE-48BA-B121-ADCAF1077DAE}.Release|Any CPU.ActiveCfg = Release|Any CPU
		{EEEE3489-50AE-48BA-B121-ADCAF1077DAE}.Release|Any CPU.Build.0 = Release|Any CPU
		{9D729DF5-1BF6-4BDF-AF08-C939DDB541ED}.Debug|Any CPU.ActiveCfg = Debug|Any CPU
		{9D729DF5-1BF6-4BDF-AF08-C939DDB541ED}.Debug|Any CPU.Build.0 = Debug|Any CPU
		{9D729DF5-1BF6-4BDF-AF08-C939DDB541ED}.Release|Any CPU.ActiveCfg = Release|Any CPU
		{9D729DF5-1BF6-4BDF-AF08-C939DDB541ED}.Release|Any CPU.Build.0 = Release|Any CPU
	EndGlobalSection
	GlobalSection(SolutionProperties) = preSolution
		HideSolutionNode = FALSE
	EndGlobalSection
	GlobalSection(ExtensibilityGlobals) = postSolution
		SolutionGuid = {E9958EAD-26AF-4DE5-B472-660616FDEA75}
	EndGlobalSection
EndGlobal
